// !$*UTF8*$!
{
	archiveVersion = 1;
	classes = {
	};
	objectVersion = 46;
	objects = {

/* Begin PBXBuildFile section */
		4F53698C188A50CD002C2AB3 /* Foundation.framework in Frameworks */ = {isa = PBXBuildFile; fileRef = 4F53698B188A50CD002C2AB3 /* Foundation.framework */; };
		4F53698E188A50CD002C2AB3 /* CoreGraphics.framework in Frameworks */ = {isa = PBXBuildFile; fileRef = 4F53698D188A50CD002C2AB3 /* CoreGraphics.framework */; };
		4F536990188A50CD002C2AB3 /* UIKit.framework in Frameworks */ = {isa = PBXBuildFile; fileRef = 4F53698F188A50CD002C2AB3 /* UIKit.framework */; };
		4F536996188A50CD002C2AB3 /* InfoPlist.strings in Resources */ = {isa = PBXBuildFile; fileRef = 4F536994188A50CD002C2AB3 /* InfoPlist.strings */; };
		4F536998188A50CD002C2AB3 /* main.m in Sources */ = {isa = PBXBuildFile; fileRef = 4F536997188A50CD002C2AB3 /* main.m */; };
		4F53699C188A50CD002C2AB3 /* AppDelegate.m in Sources */ = {isa = PBXBuildFile; fileRef = 4F53699B188A50CD002C2AB3 /* AppDelegate.m */; };
		4F53699F188A50CD002C2AB3 /* Main.storyboard in Resources */ = {isa = PBXBuildFile; fileRef = 4F53699D188A50CD002C2AB3 /* Main.storyboard */; };
		4F5369A2188A50CD002C2AB3 /* ViewController.m in Sources */ = {isa = PBXBuildFile; fileRef = 4F5369A1188A50CD002C2AB3 /* ViewController.m */; };
		4F5369A4188A50CD002C2AB3 /* Images.xcassets in Resources */ = {isa = PBXBuildFile; fileRef = 4F5369A3188A50CD002C2AB3 /* Images.xcassets */; };
		4F5369AB188A50CD002C2AB3 /* XCTest.framework in Frameworks */ = {isa = PBXBuildFile; fileRef = 4F5369AA188A50CD002C2AB3 /* XCTest.framework */; };
		4F5369AC188A50CD002C2AB3 /* Foundation.framework in Frameworks */ = {isa = PBXBuildFile; fileRef = 4F53698B188A50CD002C2AB3 /* Foundation.framework */; };
		4F5369AD188A50CD002C2AB3 /* UIKit.framework in Frameworks */ = {isa = PBXBuildFile; fileRef = 4F53698F188A50CD002C2AB3 /* UIKit.framework */; };
		4F5369B5188A50CD002C2AB3 /* InfoPlist.strings in Resources */ = {isa = PBXBuildFile; fileRef = 4F5369B3188A50CD002C2AB3 /* InfoPlist.strings */; };
		4F5369B7188A50CD002C2AB3 /* Pizza_LikesTests.m in Sources */ = {isa = PBXBuildFile; fileRef = 4F5369B6188A50CD002C2AB3 /* Pizza_LikesTests.m */; };
		4F5369C2188A53D0002C2AB3 /* ProfileViewController.m in Sources */ = {isa = PBXBuildFile; fileRef = 4F5369C1188A53D0002C2AB3 /* ProfileViewController.m */; };
		4F5369C4188A5530002C2AB3 /* Orange Snail.jpg in Resources */ = {isa = PBXBuildFile; fileRef = 4F5369C3188A5530002C2AB3 /* Orange Snail.jpg */; };
		4F5369C6188A6151002C2AB3 /* pinterest_badge_red.png in Resources */ = {isa = PBXBuildFile; fileRef = 4F5369C5188A6151002C2AB3 /* pinterest_badge_red.png */; };
		4F5369C9188A67BE002C2AB3 /* FeedViewController.m in Sources */ = {isa = PBXBuildFile; fileRef = 4F5369C8188A67BE002C2AB3 /* FeedViewController.m */; };
		4F5369CC188A699A002C2AB3 /* RedeemViewController.m in Sources */ = {isa = PBXBuildFile; fileRef = 4F5369CB188A699A002C2AB3 /* RedeemViewController.m */; };
		4F5369CE188A6A84002C2AB3 /* Feather Nails.jpg in Resources */ = {isa = PBXBuildFile; fileRef = 4F5369CD188A6A84002C2AB3 /* Feather Nails.jpg */; };
		4F5369D0188A6F4B002C2AB3 /* Braided-flower-bun.jpg in Resources */ = {isa = PBXBuildFile; fileRef = 4F5369CF188A6F4B002C2AB3 /* Braided-flower-bun.jpg */; };
		4F5369D2188A7077002C2AB3 /* Pin it.png in Resources */ = {isa = PBXBuildFile; fileRef = 4F5369D1188A7077002C2AB3 /* Pin it.png */; };
		4F5369D4188A7510002C2AB3 /* Giraffe Nails.jpg in Resources */ = {isa = PBXBuildFile; fileRef = 4F5369D3188A7510002C2AB3 /* Giraffe Nails.jpg */; };
/* End PBXBuildFile section */

/* Begin PBXContainerItemProxy section */
		4F5369AE188A50CD002C2AB3 /* PBXContainerItemProxy */ = {
			isa = PBXContainerItemProxy;
			containerPortal = 4F536980188A50CD002C2AB3 /* Project object */;
			proxyType = 1;
			remoteGlobalIDString = 4F536987188A50CD002C2AB3;
			remoteInfo = "Pizza Likes";
		};
/* End PBXContainerItemProxy section */

/* Begin PBXFileReference section */
		4F536988188A50CD002C2AB3 /* Pizza Likes.app */ = {isa = PBXFileReference; explicitFileType = wrapper.application; includeInIndex = 0; path = "Pizza Likes.app"; sourceTree = BUILT_PRODUCTS_DIR; };
		4F53698B188A50CD002C2AB3 /* Foundation.framework */ = {isa = PBXFileReference; lastKnownFileType = wrapper.framework; name = Foundation.framework; path = System/Library/Frameworks/Foundation.framework; sourceTree = SDKROOT; };
		4F53698D188A50CD002C2AB3 /* CoreGraphics.framework */ = {isa = PBXFileReference; lastKnownFileType = wrapper.framework; name = CoreGraphics.framework; path = System/Library/Frameworks/CoreGraphics.framework; sourceTree = SDKROOT; };
		4F53698F188A50CD002C2AB3 /* UIKit.framework */ = {isa = PBXFileReference; lastKnownFileType = wrapper.framework; name = UIKit.framework; path = System/Library/Frameworks/UIKit.framework; sourceTree = SDKROOT; };
		4F536993188A50CD002C2AB3 /* Pizza Likes-Info.plist */ = {isa = PBXFileReference; lastKnownFileType = text.plist.xml; path = "Pizza Likes-Info.plist"; sourceTree = "<group>"; };
		4F536995188A50CD002C2AB3 /* en */ = {isa = PBXFileReference; lastKnownFileType = text.plist.strings; name = en; path = en.lproj/InfoPlist.strings; sourceTree = "<group>"; };
		4F536997188A50CD002C2AB3 /* main.m */ = {isa = PBXFileReference; lastKnownFileType = sourcecode.c.objc; path = main.m; sourceTree = "<group>"; };
		4F536999188A50CD002C2AB3 /* Pizza Likes-Prefix.pch */ = {isa = PBXFileReference; lastKnownFileType = sourcecode.c.h; path = "Pizza Likes-Prefix.pch"; sourceTree = "<group>"; };
		4F53699A188A50CD002C2AB3 /* AppDelegate.h */ = {isa = PBXFileReference; lastKnownFileType = sourcecode.c.h; path = AppDelegate.h; sourceTree = "<group>"; };
		4F53699B188A50CD002C2AB3 /* AppDelegate.m */ = {isa = PBXFileReference; lastKnownFileType = sourcecode.c.objc; path = AppDelegate.m; sourceTree = "<group>"; };
		4F53699E188A50CD002C2AB3 /* Base */ = {isa = PBXFileReference; lastKnownFileType = file.storyboard; name = Base; path = Base.lproj/Main.storyboard; sourceTree = "<group>"; };
		4F5369A0188A50CD002C2AB3 /* ViewController.h */ = {isa = PBXFileReference; lastKnownFileType = sourcecode.c.h; path = ViewController.h; sourceTree = "<group>"; };
		4F5369A1188A50CD002C2AB3 /* ViewController.m */ = {isa = PBXFileReference; lastKnownFileType = sourcecode.c.objc; path = ViewController.m; sourceTree = "<group>"; };
		4F5369A3188A50CD002C2AB3 /* Images.xcassets */ = {isa = PBXFileReference; lastKnownFileType = folder.assetcatalog; path = Images.xcassets; sourceTree = "<group>"; };
		4F5369A9188A50CD002C2AB3 /* Pizza LikesTests.xctest */ = {isa = PBXFileReference; explicitFileType = wrapper.cfbundle; includeInIndex = 0; path = "Pizza LikesTests.xctest"; sourceTree = BUILT_PRODUCTS_DIR; };
		4F5369AA188A50CD002C2AB3 /* XCTest.framework */ = {isa = PBXFileReference; lastKnownFileType = wrapper.framework; name = XCTest.framework; path = Library/Frameworks/XCTest.framework; sourceTree = DEVELOPER_DIR; };
		4F5369B2188A50CD002C2AB3 /* Pizza LikesTests-Info.plist */ = {isa = PBXFileReference; lastKnownFileType = text.plist.xml; path = "Pizza LikesTests-Info.plist"; sourceTree = "<group>"; };
		4F5369B4188A50CD002C2AB3 /* en */ = {isa = PBXFileReference; lastKnownFileType = text.plist.strings; name = en; path = en.lproj/InfoPlist.strings; sourceTree = "<group>"; };
		4F5369B6188A50CD002C2AB3 /* Pizza_LikesTests.m */ = {isa = PBXFileReference; lastKnownFileType = sourcecode.c.objc; path = Pizza_LikesTests.m; sourceTree = "<group>"; };
		4F5369C0188A53D0002C2AB3 /* ProfileViewController.h */ = {isa = PBXFileReference; fileEncoding = 4; lastKnownFileType = sourcecode.c.h; path = ProfileViewController.h; sourceTree = "<group>"; };
		4F5369C1188A53D0002C2AB3 /* ProfileViewController.m */ = {isa = PBXFileReference; fileEncoding = 4; lastKnownFileType = sourcecode.c.objc; path = ProfileViewController.m; sourceTree = "<group>"; };
		4F5369C3188A5530002C2AB3 /* Orange Snail.jpg */ = {isa = PBXFileReference; lastKnownFileType = image.jpeg; name = "Orange Snail.jpg"; path = "../Orange Snail.jpg"; sourceTree = "<group>"; };
		4F5369C5188A6151002C2AB3 /* pinterest_badge_red.png */ = {isa = PBXFileReference; lastKnownFileType = image.png; name = pinterest_badge_red.png; path = ../pinterest_badge_red.png; sourceTree = "<group>"; };
		4F5369C7188A67BE002C2AB3 /* FeedViewController.h */ = {isa = PBXFileReference; fileEncoding = 4; lastKnownFileType = sourcecode.c.h; path = FeedViewController.h; sourceTree = "<group>"; };
		4F5369C8188A67BE002C2AB3 /* FeedViewController.m */ = {isa = PBXFileReference; fileEncoding = 4; lastKnownFileType = sourcecode.c.objc; path = FeedViewController.m; sourceTree = "<group>"; };
		4F5369CA188A699A002C2AB3 /* RedeemViewController.h */ = {isa = PBXFileReference; fileEncoding = 4; lastKnownFileType = sourcecode.c.h; path = RedeemViewController.h; sourceTree = "<group>"; };
		4F5369CB188A699A002C2AB3 /* RedeemViewController.m */ = {isa = PBXFileReference; fileEncoding = 4; lastKnownFileType = sourcecode.c.objc; path = RedeemViewController.m; sourceTree = "<group>"; };
		4F5369CD188A6A84002C2AB3 /* Feather Nails.jpg */ = {isa = PBXFileReference; lastKnownFileType = image.jpeg; name = "Feather Nails.jpg"; path = "../Feather Nails.jpg"; sourceTree = "<group>"; };
		4F5369CF188A6F4B002C2AB3 /* Braided-flower-bun.jpg */ = {isa = PBXFileReference; lastKnownFileType = image.jpeg; name = "Braided-flower-bun.jpg"; path = "../Braided-flower-bun.jpg"; sourceTree = "<group>"; };
		4F5369D1188A7077002C2AB3 /* Pin it.png */ = {isa = PBXFileReference; lastKnownFileType = image.png; name = "Pin it.png"; path = "../Pin it.png"; sourceTree = "<group>"; };
		4F5369D3188A7510002C2AB3 /* Giraffe Nails.jpg */ = {isa = PBXFileReference; lastKnownFileType = image.jpeg; name = "Giraffe Nails.jpg"; path = "../Giraffe Nails.jpg"; sourceTree = "<group>"; };
/* End PBXFileReference section */

/* Begin PBXFrameworksBuildPhase section */
		4F536985188A50CD002C2AB3 /* Frameworks */ = {
			isa = PBXFrameworksBuildPhase;
			buildActionMask = 2147483647;
			files = (
				4F53698E188A50CD002C2AB3 /* CoreGraphics.framework in Frameworks */,
				4F536990188A50CD002C2AB3 /* UIKit.framework in Frameworks */,
				4F53698C188A50CD002C2AB3 /* Foundation.framework in Frameworks */,
			);
			runOnlyForDeploymentPostprocessing = 0;
		};
		4F5369A6188A50CD002C2AB3 /* Frameworks */ = {
			isa = PBXFrameworksBuildPhase;
			buildActionMask = 2147483647;
			files = (
				4F5369AB188A50CD002C2AB3 /* XCTest.framework in Frameworks */,
				4F5369AD188A50CD002C2AB3 /* UIKit.framework in Frameworks */,
				4F5369AC188A50CD002C2AB3 /* Foundation.framework in Frameworks */,
			);
			runOnlyForDeploymentPostprocessing = 0;
		};
/* End PBXFrameworksBuildPhase section */

/* Begin PBXGroup section */
		4F53697F188A50CD002C2AB3 = {
			isa = PBXGroup;
			children = (
				4F536991188A50CD002C2AB3 /* Pizza Likes */,
				4F5369B0188A50CD002C2AB3 /* Pizza LikesTests */,
				4F53698A188A50CD002C2AB3 /* Frameworks */,
				4F536989188A50CD002C2AB3 /* Products */,
				4F5369C3188A5530002C2AB3 /* Orange Snail.jpg */,
				4F5369C5188A6151002C2AB3 /* pinterest_badge_red.png */,
				4F5369CD188A6A84002C2AB3 /* Feather Nails.jpg */,
				4F5369CF188A6F4B002C2AB3 /* Braided-flower-bun.jpg */,
				4F5369D1188A7077002C2AB3 /* Pin it.png */,
				4F5369D3188A7510002C2AB3 /* Giraffe Nails.jpg */,
			);
			sourceTree = "<group>";
		};
		4F536989188A50CD002C2AB3 /* Products */ = {
			isa = PBXGroup;
			children = (
				4F536988188A50CD002C2AB3 /* Pizza Likes.app */,
				4F5369A9188A50CD002C2AB3 /* Pizza LikesTests.xctest */,
			);
			name = Products;
			sourceTree = "<group>";
		};
		4F53698A188A50CD002C2AB3 /* Frameworks */ = {
			isa = PBXGroup;
			children = (
				4F53698B188A50CD002C2AB3 /* Foundation.framework */,
				4F53698D188A50CD002C2AB3 /* CoreGraphics.framework */,
				4F53698F188A50CD002C2AB3 /* UIKit.framework */,
				4F5369AA188A50CD002C2AB3 /* XCTest.framework */,
			);
			name = Frameworks;
			sourceTree = "<group>";
		};
		4F536991188A50CD002C2AB3 /* Pizza Likes */ = {
			isa = PBXGroup;
			children = (
				4F53699A188A50CD002C2AB3 /* AppDelegate.h */,
				4F53699B188A50CD002C2AB3 /* AppDelegate.m */,
				4F53699D188A50CD002C2AB3 /* Main.storyboard */,
				4F5369A0188A50CD002C2AB3 /* ViewController.h */,
				4F5369A1188A50CD002C2AB3 /* ViewController.m */,
				4F5369A3188A50CD002C2AB3 /* Images.xcassets */,
				4F536992188A50CD002C2AB3 /* Supporting Files */,
				4F5369C0188A53D0002C2AB3 /* ProfileViewController.h */,
				4F5369C1188A53D0002C2AB3 /* ProfileViewController.m */,
				4F5369C7188A67BE002C2AB3 /* FeedViewController.h */,
				4F5369C8188A67BE002C2AB3 /* FeedViewController.m */,
				4F5369CA188A699A002C2AB3 /* RedeemViewController.h */,
				4F5369CB188A699A002C2AB3 /* RedeemViewController.m */,
			);
			path = "Pizza Likes";
			sourceTree = "<group>";
		};
		4F536992188A50CD002C2AB3 /* Supporting Files */ = {
			isa = PBXGroup;
			children = (
				4F536993188A50CD002C2AB3 /* Pizza Likes-Info.plist */,
				4F536994188A50CD002C2AB3 /* InfoPlist.strings */,
				4F536997188A50CD002C2AB3 /* main.m */,
				4F536999188A50CD002C2AB3 /* Pizza Likes-Prefix.pch */,
			);
			name = "Supporting Files";
			sourceTree = "<group>";
		};
		4F5369B0188A50CD002C2AB3 /* Pizza LikesTests */ = {
			isa = PBXGroup;
			children = (
				4F5369B6188A50CD002C2AB3 /* Pizza_LikesTests.m */,
				4F5369B1188A50CD002C2AB3 /* Supporting Files */,
			);
			path = "Pizza LikesTests";
			sourceTree = "<group>";
		};
		4F5369B1188A50CD002C2AB3 /* Supporting Files */ = {
			isa = PBXGroup;
			children = (
				4F5369B2188A50CD002C2AB3 /* Pizza LikesTests-Info.plist */,
				4F5369B3188A50CD002C2AB3 /* InfoPlist.strings */,
			);
			name = "Supporting Files";
			sourceTree = "<group>";
		};
/* End PBXGroup section */

/* Begin PBXNativeTarget section */
		4F536987188A50CD002C2AB3 /* Pizza Likes */ = {
			isa = PBXNativeTarget;
			buildConfigurationList = 4F5369BA188A50CD002C2AB3 /* Build configuration list for PBXNativeTarget "Pizza Likes" */;
			buildPhases = (
				4F536984188A50CD002C2AB3 /* Sources */,
				4F536985188A50CD002C2AB3 /* Frameworks */,
				4F536986188A50CD002C2AB3 /* Resources */,
			);
			buildRules = (
			);
			dependencies = (
			);
			name = "Pizza Likes";
			productName = "Pizza Likes";
			productReference = 4F536988188A50CD002C2AB3 /* Pizza Likes.app */;
			productType = "com.apple.product-type.application";
		};
		4F5369A8188A50CD002C2AB3 /* Pizza LikesTests */ = {
			isa = PBXNativeTarget;
			buildConfigurationList = 4F5369BD188A50CD002C2AB3 /* Build configuration list for PBXNativeTarget "Pizza LikesTests" */;
			buildPhases = (
				4F5369A5188A50CD002C2AB3 /* Sources */,
				4F5369A6188A50CD002C2AB3 /* Frameworks */,
				4F5369A7188A50CD002C2AB3 /* Resources */,
			);
			buildRules = (
			);
			dependencies = (
				4F5369AF188A50CD002C2AB3 /* PBXTargetDependency */,
			);
			name = "Pizza LikesTests";
			productName = "Pizza LikesTests";
			productReference = 4F5369A9188A50CD002C2AB3 /* Pizza LikesTests.xctest */;
			productType = "com.apple.product-type.bundle.unit-test";
		};
/* End PBXNativeTarget section */

/* Begin PBXProject section */
		4F536980188A50CD002C2AB3 /* Project object */ = {
			isa = PBXProject;
			attributes = {
				LastUpgradeCheck = 0500;
				ORGANIZATIONNAME = "Michael Bishoff";
				TargetAttributes = {
					4F5369A8188A50CD002C2AB3 = {
						TestTargetID = 4F536987188A50CD002C2AB3;
					};
				};
			};
			buildConfigurationList = 4F536983188A50CD002C2AB3 /* Build configuration list for PBXProject "Pizza Likes" */;
			compatibilityVersion = "Xcode 3.2";
			developmentRegion = English;
			hasScannedForEncodings = 0;
			knownRegions = (
				en,
				Base,
			);
			mainGroup = 4F53697F188A50CD002C2AB3;
			productRefGroup = 4F536989188A50CD002C2AB3 /* Products */;
			projectDirPath = "";
			projectRoot = "";
			targets = (
				4F536987188A50CD002C2AB3 /* Pizza Likes */,
				4F5369A8188A50CD002C2AB3 /* Pizza LikesTests */,
			);
		};
/* End PBXProject section */

/* Begin PBXResourcesBuildPhase section */
		4F536986188A50CD002C2AB3 /* Resources */ = {
			isa = PBXResourcesBuildPhase;
			buildActionMask = 2147483647;
			files = (
				4F5369D4188A7510002C2AB3 /* Giraffe Nails.jpg in Resources */,
				4F5369D0188A6F4B002C2AB3 /* Braided-flower-bun.jpg in Resources */,
				4F5369D2188A7077002C2AB3 /* Pin it.png in Resources */,
				4F5369A4188A50CD002C2AB3 /* Images.xcassets in Resources */,
				4F536996188A50CD002C2AB3 /* InfoPlist.strings in Resources */,
				4F5369CE188A6A84002C2AB3 /* Feather Nails.jpg in Resources */,
				4F5369C6188A6151002C2AB3 /* pinterest_badge_red.png in Resources */,
				4F5369C4188A5530002C2AB3 /* Orange Snail.jpg in Resources */,
				4F53699F188A50CD002C2AB3 /* Main.storyboard in Resources */,
			);
			runOnlyForDeploymentPostprocessing = 0;
		};
		4F5369A7188A50CD002C2AB3 /* Resources */ = {
			isa = PBXResourcesBuildPhase;
			buildActionMask = 2147483647;
			files = (
				4F5369B5188A50CD002C2AB3 /* InfoPlist.strings in Resources */,
			);
			runOnlyForDeploymentPostprocessing = 0;
		};
/* End PBXResourcesBuildPhase section */

/* Begin PBXSourcesBuildPhase section */
		4F536984188A50CD002C2AB3 /* Sources */ = {
			isa = PBXSourcesBuildPhase;
			buildActionMask = 2147483647;
			files = (
				4F5369CC188A699A002C2AB3 /* RedeemViewController.m in Sources */,
				4F5369A2188A50CD002C2AB3 /* ViewController.m in Sources */,
				4F5369C9188A67BE002C2AB3 /* FeedViewController.m in Sources */,
				4F53699C188A50CD002C2AB3 /* AppDelegate.m in Sources */,
				4F5369C2188A53D0002C2AB3 /* ProfileViewController.m in Sources */,
				4F536998188A50CD002C2AB3 /* main.m in Sources */,
			);
			runOnlyForDeploymentPostprocessing = 0;
		};
		4F5369A5188A50CD002C2AB3 /* Sources */ = {
			isa = PBXSourcesBuildPhase;
			buildActionMask = 2147483647;
			files = (
				4F5369B7188A50CD002C2AB3 /* Pizza_LikesTests.m in Sources */,
			);
			runOnlyForDeploymentPostprocessing = 0;
		};
/* End PBXSourcesBuildPhase section */

/* Begin PBXTargetDependency section */
		4F5369AF188A50CD002C2AB3 /* PBXTargetDependency */ = {
			isa = PBXTargetDependency;
			target = 4F536987188A50CD002C2AB3 /* Pizza Likes */;
			targetProxy = 4F5369AE188A50CD002C2AB3 /* PBXContainerItemProxy */;
		};
/* End PBXTargetDependency section */

/* Begin PBXVariantGroup section */
		4F536994188A50CD002C2AB3 /* InfoPlist.strings */ = {
			isa = PBXVariantGroup;
			children = (
				4F536995188A50CD002C2AB3 /* en */,
			);
			name = InfoPlist.strings;
			sourceTree = "<group>";
		};
		4F53699D188A50CD002C2AB3 /* Main.storyboard */ = {
			isa = PBXVariantGroup;
			children = (
				4F53699E188A50CD002C2AB3 /* Base */,
			);
			name = Main.storyboard;
			sourceTree = "<group>";
		};
		4F5369B3188A50CD002C2AB3 /* InfoPlist.strings */ = {
			isa = PBXVariantGroup;
			children = (
				4F5369B4188A50CD002C2AB3 /* en */,
			);
			name = InfoPlist.strings;
			sourceTree = "<group>";
		};
/* End PBXVariantGroup section */

/* Begin XCBuildConfiguration section */
		4F5369B8188A50CD002C2AB3 /* Debug */ = {
			isa = XCBuildConfiguration;
			buildSettings = {
				ALWAYS_SEARCH_USER_PATHS = NO;
				ARCHS = "$(ARCHS_STANDARD_INCLUDING_64_BIT)";
				CLANG_CXX_LANGUAGE_STANDARD = "gnu++0x";
				CLANG_CXX_LIBRARY = "libc++";
				CLANG_ENABLE_MODULES = YES;
				CLANG_ENABLE_OBJC_ARC = YES;
				CLANG_WARN_BOOL_CONVERSION = YES;
				CLANG_WARN_CONSTANT_CONVERSION = YES;
				CLANG_WARN_DIRECT_OBJC_ISA_USAGE = YES_ERROR;
				CLANG_WARN_EMPTY_BODY = YES;
				CLANG_WARN_ENUM_CONVERSION = YES;
				CLANG_WARN_INT_CONVERSION = YES;
				CLANG_WARN_OBJC_ROOT_CLASS = YES_ERROR;
				CLANG_WARN__DUPLICATE_METHOD_MATCH = YES;
				"CODE_SIGN_IDENTITY[sdk=iphoneos*]" = "iPhone Developer";
				COPY_PHASE_STRIP = NO;
				GCC_C_LANGUAGE_STANDARD = gnu99;
				GCC_DYNAMIC_NO_PIC = NO;
				GCC_OPTIMIZATION_LEVEL = 0;
				GCC_PREPROCESSOR_DEFINITIONS = (
					"DEBUG=1",
					"$(inherited)",
				);
				GCC_SYMBOLS_PRIVATE_EXTERN = NO;
				GCC_WARN_64_TO_32_BIT_CONVERSION = YES;
				GCC_WARN_ABOUT_RETURN_TYPE = YES_ERROR;
				GCC_WARN_UNDECLARED_SELECTOR = YES;
				GCC_WARN_UNINITIALIZED_AUTOS = YES;
				GCC_WARN_UNUSED_FUNCTION = YES;
				GCC_WARN_UNUSED_VARIABLE = YES;
				IPHONEOS_DEPLOYMENT_TARGET = 7.0;
				ONLY_ACTIVE_ARCH = YES;
				SDKROOT = iphoneos;
			};
			name = Debug;
		};
		4F5369B9188A50CD002C2AB3 /* Release */ = {
			isa = XCBuildConfiguration;
			buildSettings = {
				ALWAYS_SEARCH_USER_PATHS = NO;
				ARCHS = "$(ARCHS_STANDARD_INCLUDING_64_BIT)";
				CLANG_CXX_LANGUAGE_STANDARD = "gnu++0x";
				CLANG_CXX_LIBRARY = "libc++";
				CLANG_ENABLE_MODULES = YES;
				CLANG_ENABLE_OBJC_ARC = YES;
				CLANG_WARN_BOOL_CONVERSION = YES;
				CLANG_WARN_CONSTANT_CONVERSION = YES;
				CLANG_WARN_DIRECT_OBJC_ISA_USAGE = YES_ERROR;
				CLANG_WARN_EMPTY_BODY = YES;
				CLANG_WARN_ENUM_CONVERSION = YES;
				CLANG_WARN_INT_CONVERSION = YES;
				CLANG_WARN_OBJC_ROOT_CLASS = YES_ERROR;
				CLANG_WARN__DUPLICATE_METHOD_MATCH = YES;
				"CODE_SIGN_IDENTITY[sdk=iphoneos*]" = "iPhone Developer";
				COPY_PHASE_STRIP = YES;
				ENABLE_NS_ASSERTIONS = NO;
				GCC_C_LANGUAGE_STANDARD = gnu99;
				GCC_WARN_64_TO_32_BIT_CONVERSION = YES;
				GCC_WARN_ABOUT_RETURN_TYPE = YES_ERROR;
				GCC_WARN_UNDECLARED_SELECTOR = YES;
				GCC_WARN_UNINITIALIZED_AUTOS = YES;
				GCC_WARN_UNUSED_FUNCTION = YES;
				GCC_WARN_UNUSED_VARIABLE = YES;
				IPHONEOS_DEPLOYMENT_TARGET = 7.0;
				SDKROOT = iphoneos;
				VALIDATE_PRODUCT = YES;
			};
			name = Release;
		};
		4F5369BB188A50CD002C2AB3 /* Debug */ = {
			isa = XCBuildConfiguration;
			buildSettings = {
				ASSETCATALOG_COMPILER_APPICON_NAME = AppIcon;
				ASSETCATALOG_COMPILER_LAUNCHIMAGE_NAME = LaunchImage;
				GCC_PRECOMPILE_PREFIX_HEADER = YES;
				GCC_PREFIX_HEADER = "Pizza Likes/Pizza Likes-Prefix.pch";
				INFOPLIST_FILE = "Pizza Likes/Pizza Likes-Info.plist";
				PRODUCT_NAME = "$(TARGET_NAME)";
				WRAPPER_EXTENSION = app;
			};
			name = Debug;
		};
		4F5369BC188A50CD002C2AB3 /* Release */ = {
			isa = XCBuildConfiguration;
			buildSettings = {
				ASSETCATALOG_COMPILER_APPICON_NAME = AppIcon;
				ASSETCATALOG_COMPILER_LAUNCHIMAGE_NAME = LaunchImage;
				GCC_PRECOMPILE_PREFIX_HEADER = YES;
				GCC_PREFIX_HEADER = "Pizza Likes/Pizza Likes-Prefix.pch";
				INFOPLIST_FILE = "Pizza Likes/Pizza Likes-Info.plist";
				PRODUCT_NAME = "$(TARGET_NAME)";
				WRAPPER_EXTENSION = app;
			};
			name = Release;
		};
		4F5369BE188A50CD002C2AB3 /* Debug */ = {
			isa = XCBuildConfiguration;
			buildSettings = {
				ARCHS = "$(ARCHS_STANDARD_INCLUDING_64_BIT)";
				BUNDLE_LOADER = "$(BUILT_PRODUCTS_DIR)/Pizza Likes.app/Pizza Likes";
				FRAMEWORK_SEARCH_PATHS = (
					"$(SDKROOT)/Developer/Library/Frameworks",
					"$(inherited)",
					"$(DEVELOPER_FRAMEWORKS_DIR)",
				);
				GCC_PRECOMPILE_PREFIX_HEADER = YES;
				GCC_PREFIX_HEADER = "Pizza Likes/Pizza Likes-Prefix.pch";
				GCC_PREPROCESSOR_DEFINITIONS = (
					"DEBUG=1",
					"$(inherited)",
				);
				INFOPLIST_FILE = "Pizza LikesTests/Pizza LikesTests-Info.plist";
				PRODUCT_NAME = "$(TARGET_NAME)";
				TEST_HOST = "$(BUNDLE_LOADER)";
				WRAPPER_EXTENSION = xctest;
			};
			name = Debug;
		};
		4F5369BF188A50CD002C2AB3 /* Release */ = {
			isa = XCBuildConfiguration;
			buildSettings = {
				ARCHS = "$(ARCHS_STANDARD_INCLUDING_64_BIT)";
				BUNDLE_LOADER = "$(BUILT_PRODUCTS_DIR)/Pizza Likes.app/Pizza Likes";
				FRAMEWORK_SEARCH_PATHS = (
					"$(SDKROOT)/Developer/Library/Frameworks",
					"$(inherited)",
					"$(DEVELOPER_FRAMEWORKS_DIR)",
				);
				GCC_PRECOMPILE_PREFIX_HEADER = YES;
				GCC_PREFIX_HEADER = "Pizza Likes/Pizza Likes-Prefix.pch";
				INFOPLIST_FILE = "Pizza LikesTests/Pizza LikesTests-Info.plist";
				PRODUCT_NAME = "$(TARGET_NAME)";
				TEST_HOST = "$(BUNDLE_LOADER)";
				WRAPPER_EXTENSION = xctest;
			};
			name = Release;
		};
/* End XCBuildConfiguration section */

/* Begin XCConfigurationList section */
		4F536983188A50CD002C2AB3 /* Build configuration list for PBXProject "Pizza Likes" */ = {
			isa = XCConfigurationList;
			buildConfigurations = (
				4F5369B8188A50CD002C2AB3 /* Debug */,
				4F5369B9188A50CD002C2AB3 /* Release */,
			);
			defaultConfigurationIsVisible = 0;
			defaultConfigurationName = Release;
		};
		4F5369BA188A50CD002C2AB3 /* Build configuration list for PBXNativeTarget "Pizza Likes" */ = {
			isa = XCConfigurationList;
			buildConfigurations = (
				4F5369BB188A50CD002C2AB3 /* Debug */,
				4F5369BC188A50CD002C2AB3 /* Release */,
			);
			defaultConfigurationIsVisible = 0;
			defaultConfigurationName = Release;
		};
		4F5369BD188A50CD002C2AB3 /* Build configuration list for PBXNativeTarget "Pizza LikesTests" */ = {
			isa = XCConfigurationList;
			buildConfigurations = (
				4F5369BE188A50CD002C2AB3 /* Debug */,
				4F5369BF188A50CD002C2AB3 /* Release */,
			);
			defaultConfigurationIsVisible = 0;
			defaultConfigurationName = Release;
		};
/* End XCConfigurationList section */
	};
	rootObject = 4F536980188A50CD002C2AB3 /* Project object */;
}
